
Microsoft Visual Studio Solution File, Format Version 12.00
Project("{FAE04EC0-301F-11D3-BF4B-00C04F79EFBC}") = "Q1", "Q1\Q1.csproj", "{CA0D07AB-C54F-4AB9-A6BF-42B60E44AB03}"
EndProject
Project("{FAE04EC0-301F-11D3-BF4B-00C04F79EFBC}") = "Q2", "Q2\Q2.csproj", "{B0EB14F7-1249-41F8-8D17-55F73F194138}"
EndProject
Project("{FAE04EC0-301F-11D3-BF4B-00C04F79EFBC}") = "Q3", "Q3\Q3.csproj", "{84F36479-A182-467D-AA44-D5FD3BB424CE}"
EndProject
Project("{FAE04EC0-301F-11D3-BF4B-00C04F79EFBC}") = "Q4", "Q4\Q4.csproj", "{571F0281-3B0E-4C2D-BE7A-5471135B7A8C}"
EndProject
Project("{FAE04EC0-301F-11D3-BF4B-00C04F79EFBC}") = "Q5", "Q5\Q5.csproj", "{D5FA63E1-6735-461A-97A2-94765117E8E8}"
EndProject
Project("{FAE04EC0-301F-11D3-BF4B-00C04F79EFBC}") = "Q6", "Q6\Q6.csproj", "{33FDEAC3-AC25-4022-A4D0-425334B6E8AE}"
EndProject
Project("{FAE04EC0-301F-11D3-BF4B-00C04F79EFBC}") = "Q7", "Q7\Q7.csproj", "{6C000CCC-872B-4CD9-BB5C-6415209311B9}"
EndProject
Project("{FAE04EC0-301F-11D3-BF4B-00C04F79EFBC}") = "Q8", "Q8\Q8.csproj", "{7BAB6DB7-51B6-4FAE-A12B-F7B8BC8A7374}"
EndProject
Project("{FAE04EC0-301F-11D3-BF4B-00C04F79EFBC}") = "Q9", "Q9\Q9.csproj", "{4AA432BB-348F-43AD-9CD8-28E5CAE52504}"
EndProject
Project("{FAE04EC0-301F-11D3-BF4B-00C04F79EFBC}") = "Q10", "Q10\Q10.csproj", "{8808EC5C-488F-44F3-9C1D-F20A46546839}"
EndProject
Global
	GlobalSection(SolutionConfigurationPlatforms) = preSolution
		Debug|Any CPU = Debug|Any CPU
		Release|Any CPU = Release|Any CPU
	EndGlobalSection
	GlobalSection(ProjectConfigurationPlatforms) = postSolution
		{CA0D07AB-C54F-4AB9-A6BF-42B60E44AB03}.Debug|Any CPU.ActiveCfg = Debug|Any CPU
		{CA0D07AB-C54F-4AB9-A6BF-42B60E44AB03}.Debug|Any CPU.Build.0 = Debug|Any CPU
		{CA0D07AB-C54F-4AB9-A6BF-42B60E44AB03}.Release|Any CPU.ActiveCfg = Release|Any CPU
		{CA0D07AB-C54F-4AB9-A6BF-42B60E44AB03}.Release|Any CPU.Build.0 = Release|Any CPU
		{B0EB14F7-1249-41F8-8D17-55F73F194138}.Debug|Any CPU.ActiveCfg = Debug|Any CPU
		{B0EB14F7-1249-41F8-8D17-55F73F194138}.Debug|Any CPU.Build.0 = Debug|Any CPU
		{B0EB14F7-1249-41F8-8D17-55F73F194138}.Release|Any CPU.ActiveCfg = Release|Any CPU
		{B0EB14F7-1249-41F8-8D17-55F73F194138}.Release|Any CPU.Build.0 = Release|Any CPU
		{84F36479-A182-467D-AA44-D5FD3BB424CE}.Debug|Any CPU.ActiveCfg = Debug|Any CPU
		{84F36479-A182-467D-AA44-D5FD3BB424CE}.Debug|Any CPU.Build.0 = Debug|Any CPU
		{84F36479-A182-467D-AA44-D5FD3BB424CE}.Release|Any CPU.ActiveCfg = Release|Any CPU
		{84F36479-A182-467D-AA44-D5FD3BB424CE}.Release|Any CPU.Build.0 = Release|Any CPU
		{571F0281-3B0E-4C2D-BE7A-5471135B7A8C}.Debug|Any CPU.ActiveCfg = Debug|Any CPU
		{571F0281-3B0E-4C2D-BE7A-5471135B7A8C}.Debug|Any CPU.Build.0 = Debug|Any CPU
		{571F0281-3B0E-4C2D-BE7A-5471135B7A8C}.Release|Any CPU.ActiveCfg = Release|Any CPU
		{571F0281-3B0E-4C2D-BE7A-5471135B7A8C}.Release|Any CPU.Build.0 = Release|Any CPU
		{D5FA63E1-6735-461A-97A2-94765117E8E8}.Debug|Any CPU.ActiveCfg = Debug|Any CPU
		{D5FA63E1-6735-461A-97A2-94765117E8E8}.Debug|Any CPU.Build.0 = Debug|Any CPU
		{D5FA63E1-6735-461A-97A2-94765117E8E8}.Release|Any CPU.ActiveCfg = Release|Any CPU
		{D5FA63E1-6735-461A-97A2-94765117E8E8}.Release|Any CPU.Build.0 = Release|Any CPU
		{33FDEAC3-AC25-4022-A4D0-425334B6E8AE}.Debug|Any CPU.ActiveCfg = Debug|Any CPU
		{33FDEAC3-AC25-4022-A4D0-425334B6E8AE}.Debug|Any CPU.Build.0 = Debug|Any CPU
		{33FDEAC3-AC25-4022-A4D0-425334B6E8AE}.Release|Any CPU.ActiveCfg = Release|Any CPU
		{33FDEAC3-AC25-4022-A4D0-425334B6E8AE}.Release|Any CPU.Build.0 = Release|Any CPU
		{6C000CCC-872B-4CD9-BB5C-6415209311B9}.Debug|Any CPU.ActiveCfg = Debug|Any CPU
		{6C000CCC-872B-4CD9-BB5C-6415209311B9}.Debug|Any CPU.Build.0 = Debug|Any CPU
		{6C000CCC-872B-4CD9-BB5C-6415209311B9}.Release|Any CPU.ActiveCfg = Release|Any CPU
		{6C000CCC-872B-4CD9-BB5C-6415209311B9}.Release|Any CPU.Build.0 = Release|Any CPU
		{7BAB6DB7-51B6-4FAE-A12B-F7B8BC8A7374}.Debug|Any CPU.ActiveCfg = Debug|Any CPU
		{7BAB6DB7-51B6-4FAE-A12B-F7B8BC8A7374}.Debug|Any CPU.Build.0 = Debug|Any CPU
		{7BAB6DB7-51B6-4FAE-A12B-F7B8BC8A7374}.Release|Any CPU.ActiveCfg = Release|Any CPU
		{7BAB6DB7-51B6-4FAE-A12B-F7B8BC8A7374}.Release|Any CPU.Build.0 = Release|Any CPU
		{4AA432BB-348F-43AD-9CD8-28E5CAE52504}.Debug|Any CPU.ActiveCfg = Debug|Any CPU
		{4AA432BB-348F-43AD-9CD8-28E5CAE52504}.Debug|Any CPU.Build.0 = Debug|Any CPU
		{4AA432BB-348F-43AD-9CD8-28E5CAE52504}.Release|Any CPU.ActiveCfg = Release|Any CPU
		{4AA432BB-348F-43AD-9CD8-28E5CAE52504}.Release|Any CPU.Build.0 = Release|Any CPU
		{8808EC5C-488F-44F3-9C1D-F20A46546839}.Debug|Any CPU.ActiveCfg = Debug|Any CPU
		{8808EC5C-488F-44F3-9C1D-F20A46546839}.Debug|Any CPU.Build.0 = Debug|Any CPU
		{8808EC5C-488F-44F3-9C1D-F20A46546839}.Release|Any CPU.ActiveCfg = Release|Any CPU
		{8808EC5C-488F-44F3-9C1D-F20A46546839}.Release|Any CPU.Build.0 = Release|Any CPU
	EndGlobalSection
EndGlobal
