
Microsoft Visual Studio Solution File, Format Version 12.00
Project("{FAE04EC0-301F-11D3-BF4B-00C04F79EFBC}") = "Q2", "Q2\Q2.csproj", "{EE67D651-F2D3-4998-B709-AE5B21B5E399}"
EndProject
Project("{FAE04EC0-301F-11D3-BF4B-00C04F79EFBC}") = "Q3", "Q3\Q3.csproj", "{0224B96C-41B6-4629-94F2-B7D0E23CE30B}"
EndProject
Project("{FAE04EC0-301F-11D3-BF4B-00C04F79EFBC}") = "Q4", "Q4\Q4.csproj", "{F9DB0058-73BA-46EC-B73E-B3010C9A2273}"
EndProject
Project("{FAE04EC0-301F-11D3-BF4B-00C04F79EFBC}") = "Q5", "Q5\Q5.csproj", "{1C51EAAF-5AE8-43FD-849E-3CBABE00B03A}"
EndProject
Project("{FAE04EC0-301F-11D3-BF4B-00C04F79EFBC}") = "Q6", "Q6\Q6.csproj", "{F55E72A7-25EF-4EFE-9FA5-31D55396E9ED}"
EndProject
Project("{FAE04EC0-301F-11D3-BF4B-00C04F79EFBC}") = "Q7", "Q7\Q7.csproj", "{68E9A07C-7FE0-4378-B8D5-F90869F74511}"
EndProject
Project("{FAE04EC0-301F-11D3-BF4B-00C04F79EFBC}") = "Q8", "Q8\Q8.csproj", "{B1ED5BFA-915E-442C-9B82-C19288967B4D}"
EndProject
Project("{FAE04EC0-301F-11D3-BF4B-00C04F79EFBC}") = "Q9", "Q9\Q9.csproj", "{B1DD97BF-795C-4EE1-855C-2AAAEA50C937}"
EndProject
Project("{FAE04EC0-301F-11D3-BF4B-00C04F79EFBC}") = "Q1", "Q1\Q1.csproj", "{2871E569-7E39-4F02-A4CD-63B439534B9E}"
EndProject
Project("{FAE04EC0-301F-11D3-BF4B-00C04F79EFBC}") = "Q1.test", "Q1.test\Q1.test.csproj", "{FF032C70-91E3-4237-B43E-657D4100CED9}"
EndProject
Global
	GlobalSection(SolutionConfigurationPlatforms) = preSolution
		Debug|Any CPU = Debug|Any CPU
		Release|Any CPU = Release|Any CPU
	EndGlobalSection
	GlobalSection(ProjectConfigurationPlatforms) = postSolution
		{EE67D651-F2D3-4998-B709-AE5B21B5E399}.Debug|Any CPU.ActiveCfg = Debug|Any CPU
		{EE67D651-F2D3-4998-B709-AE5B21B5E399}.Debug|Any CPU.Build.0 = Debug|Any CPU
		{EE67D651-F2D3-4998-B709-AE5B21B5E399}.Release|Any CPU.ActiveCfg = Release|Any CPU
		{EE67D651-F2D3-4998-B709-AE5B21B5E399}.Release|Any CPU.Build.0 = Release|Any CPU
		{0224B96C-41B6-4629-94F2-B7D0E23CE30B}.Debug|Any CPU.ActiveCfg = Debug|Any CPU
		{0224B96C-41B6-4629-94F2-B7D0E23CE30B}.Debug|Any CPU.Build.0 = Debug|Any CPU
		{0224B96C-41B6-4629-94F2-B7D0E23CE30B}.Release|Any CPU.ActiveCfg = Release|Any CPU
		{0224B96C-41B6-4629-94F2-B7D0E23CE30B}.Release|Any CPU.Build.0 = Release|Any CPU
		{F9DB0058-73BA-46EC-B73E-B3010C9A2273}.Debug|Any CPU.ActiveCfg = Debug|Any CPU
		{F9DB0058-73BA-46EC-B73E-B3010C9A2273}.Debug|Any CPU.Build.0 = Debug|Any CPU
		{F9DB0058-73BA-46EC-B73E-B3010C9A2273}.Release|Any CPU.ActiveCfg = Release|Any CPU
		{F9DB0058-73BA-46EC-B73E-B3010C9A2273}.Release|Any CPU.Build.0 = Release|Any CPU
		{1C51EAAF-5AE8-43FD-849E-3CBABE00B03A}.Debug|Any CPU.ActiveCfg = Debug|Any CPU
		{1C51EAAF-5AE8-43FD-849E-3CBABE00B03A}.Debug|Any CPU.Build.0 = Debug|Any CPU
		{1C51EAAF-5AE8-43FD-849E-3CBABE00B03A}.Release|Any CPU.ActiveCfg = Release|Any CPU
		{1C51EAAF-5AE8-43FD-849E-3CBABE00B03A}.Release|Any CPU.Build.0 = Release|Any CPU
		{F55E72A7-25EF-4EFE-9FA5-31D55396E9ED}.Debug|Any CPU.ActiveCfg = Debug|Any CPU
		{F55E72A7-25EF-4EFE-9FA5-31D55396E9ED}.Debug|Any CPU.Build.0 = Debug|Any CPU
		{F55E72A7-25EF-4EFE-9FA5-31D55396E9ED}.Release|Any CPU.ActiveCfg = Release|Any CPU
		{F55E72A7-25EF-4EFE-9FA5-31D55396E9ED}.Release|Any CPU.Build.0 = Release|Any CPU
		{68E9A07C-7FE0-4378-B8D5-F90869F74511}.Debug|Any CPU.ActiveCfg = Debug|Any CPU
		{68E9A07C-7FE0-4378-B8D5-F90869F74511}.Debug|Any CPU.Build.0 = Debug|Any CPU
		{68E9A07C-7FE0-4378-B8D5-F90869F74511}.Release|Any CPU.ActiveCfg = Release|Any CPU
		{68E9A07C-7FE0-4378-B8D5-F90869F74511}.Release|Any CPU.Build.0 = Release|Any CPU
		{B1ED5BFA-915E-442C-9B82-C19288967B4D}.Debug|Any CPU.ActiveCfg = Debug|Any CPU
		{B1ED5BFA-915E-442C-9B82-C19288967B4D}.Debug|Any CPU.Build.0 = Debug|Any CPU
		{B1ED5BFA-915E-442C-9B82-C19288967B4D}.Release|Any CPU.ActiveCfg = Release|Any CPU
		{B1ED5BFA-915E-442C-9B82-C19288967B4D}.Release|Any CPU.Build.0 = Release|Any CPU
		{B1DD97BF-795C-4EE1-855C-2AAAEA50C937}.Debug|Any CPU.ActiveCfg = Debug|Any CPU
		{B1DD97BF-795C-4EE1-855C-2AAAEA50C937}.Debug|Any CPU.Build.0 = Debug|Any CPU
		{B1DD97BF-795C-4EE1-855C-2AAAEA50C937}.Release|Any CPU.ActiveCfg = Release|Any CPU
		{B1DD97BF-795C-4EE1-855C-2AAAEA50C937}.Release|Any CPU.Build.0 = Release|Any CPU
		{2871E569-7E39-4F02-A4CD-63B439534B9E}.Debug|Any CPU.ActiveCfg = Debug|Any CPU
		{2871E569-7E39-4F02-A4CD-63B439534B9E}.Debug|Any CPU.Build.0 = Debug|Any CPU
		{2871E569-7E39-4F02-A4CD-63B439534B9E}.Release|Any CPU.ActiveCfg = Release|Any CPU
		{2871E569-7E39-4F02-A4CD-63B439534B9E}.Release|Any CPU.Build.0 = Release|Any CPU
		{FF032C70-91E3-4237-B43E-657D4100CED9}.Debug|Any CPU.ActiveCfg = Debug|Any CPU
		{FF032C70-91E3-4237-B43E-657D4100CED9}.Debug|Any CPU.Build.0 = Debug|Any CPU
		{FF032C70-91E3-4237-B43E-657D4100CED9}.Release|Any CPU.ActiveCfg = Release|Any CPU
		{FF032C70-91E3-4237-B43E-657D4100CED9}.Release|Any CPU.Build.0 = Release|Any CPU
	EndGlobalSection
EndGlobal
